
Microsoft Visual Studio Solution File, Format Version 12.00
Project("{FAE04EC0-301F-11D3-BF4B-00C04F79EFBC}") = "Turdle", "Turdle\Turdle.csproj", "{3F5429BC-FF99-4FCA-AB2D-FEB6EC6AEFAF}"
EndProject
Project("{FAE04EC0-301F-11D3-BF4B-00C04F79EFBC}") = "Turdle.Tests", "Turdle.Tests\Turdle.Tests.csproj", "{B41796C6-F9D0-4392-978C-E2130ADECD48}"
EndProject
Global
	GlobalSection(SolutionConfigurationPlatforms) = preSolution
		Debug|Any CPU = Debug|Any CPU
		Release|Any CPU = Release|Any CPU
	EndGlobalSection
	GlobalSection(ProjectConfigurationPlatforms) = postSolution
		{3F5429BC-FF99-4FCA-AB2D-FEB6EC6AEFAF}.Debug|Any CPU.ActiveCfg = Debug|Any CPU
		{3F5429BC-FF99-4FCA-AB2D-FEB6EC6AEFAF}.Debug|Any CPU.Build.0 = Debug|Any CPU
		{3F5429BC-FF99-4FCA-AB2D-FEB6EC6AEFAF}.Release|Any CPU.ActiveCfg = Release|Any CPU
		{3F5429BC-FF99-4FCA-AB2D-FEB6EC6AEFAF}.Release|Any CPU.Build.0 = Release|Any CPU
		{B41796C6-F9D0-4392-978C-E2130ADECD48}.Debug|Any CPU.ActiveCfg = Debug|Any CPU
		{B41796C6-F9D0-4392-978C-E2130ADECD48}.Debug|Any CPU.Build.0 = Debug|Any CPU
		{B41796C6-F9D0-4392-978C-E2130ADECD48}.Release|Any CPU.ActiveCfg = Release|Any CPU
		{B41796C6-F9D0-4392-978C-E2130ADECD48}.Release|Any CPU.Build.0 = Release|Any CPU
	EndGlobalSection
EndGlobal
